
Microsoft Visual Studio Solution File, Format Version 12.00
# Visual Studio 15
VisualStudioVersion = 15.0.28010.2026
MinimumVisualStudioVersion = 10.0.40219.1
Project("{2150E333-8FDC-42A3-9474-1A3956D46DE8}") = "Services", "Services", "{3CA75E00-95B5-43D8-99AE-A1A1238A1F91}"
EndProject
Project("{9A19103F-16F7-4668-BE54-9A1E7A4F7556}") = "Comanda.Service.API", "src\Comanda.Service.API\Comanda.Service.API.csproj", "{EC429C62-5219-4932-BA40-B0ADD230C659}"
EndProject
Project("{2150E333-8FDC-42A3-9474-1A3956D46DE8}") = "Domain", "Domain", "{85409D91-932B-41CF-AF0B-0CC33540BEBC}"
EndProject
Project("{9A19103F-16F7-4668-BE54-9A1E7A4F7556}") = "Comanda.Domain", "src\Comanda.Domain\Comanda.Domain.csproj", "{5B42DB20-384C-4F10-8CB6-AAA695356152}"
EndProject
Project("{2150E333-8FDC-42A3-9474-1A3956D46DE8}") = "Infra", "Infra", "{7B00F527-BA3A-40B6-B840-505BAB8C88C3}"
EndProject
Project("{2150E333-8FDC-42A3-9474-1A3956D46DE8}") = "Data", "Data", "{609B11AE-4A4F-4C50-891E-4153A7CDD6B8}"
EndProject
Project("{9A19103F-16F7-4668-BE54-9A1E7A4F7556}") = "Comanda.Infra.Data", "src\Comanda.Infra.Data\Comanda.Infra.Data.csproj", "{67686135-578C-4741-84CD-44A06F8FD383}"
EndProject
Project("{2150E333-8FDC-42A3-9474-1A3956D46DE8}") = "CrossCutting", "CrossCutting", "{23E05AC4-93A7-4A38-95A7-860611F965E3}"
EndProject
Project("{2150E333-8FDC-42A3-9474-1A3956D46DE8}") = "Tests", "Tests", "{A3317254-ACBE-4873-8770-688CF68F2A6F}"
EndProject
Project("{9A19103F-16F7-4668-BE54-9A1E7A4F7556}") = "Comanda.Service.API.Test", "tests\Comanda.Service.API.Test\Comanda.Service.API.Test.csproj", "{EDBDFD67-0E1A-4BFE-B616-5DD81046CA8D}"
EndProject
Project("{9A19103F-16F7-4668-BE54-9A1E7A4F7556}") = "Comanda.Infra.Cross.Identity", "src\Comanda.Infra.Cross.Identity\Comanda.Infra.Cross.Identity.csproj", "{09FD0A0B-0960-440E-BDFA-20FBAF173267}"
EndProject
Project("{9A19103F-16F7-4668-BE54-9A1E7A4F7556}") = "Comanda.Infra.Cross.IoC", "src\Comanda.Infra.Cross.IoC\Comanda.Infra.Cross.IoC.csproj", "{C3B0F88A-151A-4446-B204-743A16FDB4B8}"
EndProject
Project("{9A19103F-16F7-4668-BE54-9A1E7A4F7556}") = "Comanda.Infra.Cross.Bus", "src\Comanda.Infra.Cross.Bus\Comanda.Infra.Cross.Bus.csproj", "{83AED3D1-301B-40B1-AB4A-744B9A08E254}"
EndProject
Project("{9A19103F-16F7-4668-BE54-9A1E7A4F7556}") = "Comanda.Domain.Core", "src\Comanda.Domain.Core\Comanda.Domain.Core.csproj", "{B650DB6B-2336-4447-92D3-37B3E96461BA}"
EndProject
Global
	GlobalSection(SolutionConfigurationPlatforms) = preSolution
		Debug|Any CPU = Debug|Any CPU
		Release|Any CPU = Release|Any CPU
	EndGlobalSection
	GlobalSection(ProjectConfigurationPlatforms) = postSolution
		{EC429C62-5219-4932-BA40-B0ADD230C659}.Debug|Any CPU.ActiveCfg = Debug|Any CPU
		{EC429C62-5219-4932-BA40-B0ADD230C659}.Debug|Any CPU.Build.0 = Debug|Any CPU
		{EC429C62-5219-4932-BA40-B0ADD230C659}.Release|Any CPU.ActiveCfg = Release|Any CPU
		{EC429C62-5219-4932-BA40-B0ADD230C659}.Release|Any CPU.Build.0 = Release|Any CPU
		{5B42DB20-384C-4F10-8CB6-AAA695356152}.Debug|Any CPU.ActiveCfg = Debug|Any CPU
		{5B42DB20-384C-4F10-8CB6-AAA695356152}.Debug|Any CPU.Build.0 = Debug|Any CPU
		{5B42DB20-384C-4F10-8CB6-AAA695356152}.Release|Any CPU.ActiveCfg = Release|Any CPU
		{5B42DB20-384C-4F10-8CB6-AAA695356152}.Release|Any CPU.Build.0 = Release|Any CPU
		{67686135-578C-4741-84CD-44A06F8FD383}.Debug|Any CPU.ActiveCfg = Debug|Any CPU
		{67686135-578C-4741-84CD-44A06F8FD383}.Debug|Any CPU.Build.0 = Debug|Any CPU
		{67686135-578C-4741-84CD-44A06F8FD383}.Release|Any CPU.ActiveCfg = Release|Any CPU
		{67686135-578C-4741-84CD-44A06F8FD383}.Release|Any CPU.Build.0 = Release|Any CPU
		{EDBDFD67-0E1A-4BFE-B616-5DD81046CA8D}.Debug|Any CPU.ActiveCfg = Debug|Any CPU
		{EDBDFD67-0E1A-4BFE-B616-5DD81046CA8D}.Debug|Any CPU.Build.0 = Debug|Any CPU
		{EDBDFD67-0E1A-4BFE-B616-5DD81046CA8D}.Release|Any CPU.ActiveCfg = Release|Any CPU
		{EDBDFD67-0E1A-4BFE-B616-5DD81046CA8D}.Release|Any CPU.Build.0 = Release|Any CPU
		{09FD0A0B-0960-440E-BDFA-20FBAF173267}.Debug|Any CPU.ActiveCfg = Debug|Any CPU
		{09FD0A0B-0960-440E-BDFA-20FBAF173267}.Debug|Any CPU.Build.0 = Debug|Any CPU
		{09FD0A0B-0960-440E-BDFA-20FBAF173267}.Release|Any CPU.ActiveCfg = Release|Any CPU
		{09FD0A0B-0960-440E-BDFA-20FBAF173267}.Release|Any CPU.Build.0 = Release|Any CPU
		{C3B0F88A-151A-4446-B204-743A16FDB4B8}.Debug|Any CPU.ActiveCfg = Debug|Any CPU
		{C3B0F88A-151A-4446-B204-743A16FDB4B8}.Debug|Any CPU.Build.0 = Debug|Any CPU
		{C3B0F88A-151A-4446-B204-743A16FDB4B8}.Release|Any CPU.ActiveCfg = Release|Any CPU
		{C3B0F88A-151A-4446-B204-743A16FDB4B8}.Release|Any CPU.Build.0 = Release|Any CPU
		{83AED3D1-301B-40B1-AB4A-744B9A08E254}.Debug|Any CPU.ActiveCfg = Debug|Any CPU
		{83AED3D1-301B-40B1-AB4A-744B9A08E254}.Debug|Any CPU.Build.0 = Debug|Any CPU
		{83AED3D1-301B-40B1-AB4A-744B9A08E254}.Release|Any CPU.ActiveCfg = Release|Any CPU
		{83AED3D1-301B-40B1-AB4A-744B9A08E254}.Release|Any CPU.Build.0 = Release|Any CPU
		{B650DB6B-2336-4447-92D3-37B3E96461BA}.Debug|Any CPU.ActiveCfg = Debug|Any CPU
		{B650DB6B-2336-4447-92D3-37B3E96461BA}.Debug|Any CPU.Build.0 = Debug|Any CPU
		{B650DB6B-2336-4447-92D3-37B3E96461BA}.Release|Any CPU.ActiveCfg = Release|Any CPU
		{B650DB6B-2336-4447-92D3-37B3E96461BA}.Release|Any CPU.Build.0 = Release|Any CPU
	EndGlobalSection
	GlobalSection(SolutionProperties) = preSolution
		HideSolutionNode = FALSE
	EndGlobalSection
	GlobalSection(NestedProjects) = preSolution
		{EC429C62-5219-4932-BA40-B0ADD230C659} = {3CA75E00-95B5-43D8-99AE-A1A1238A1F91}
		{5B42DB20-384C-4F10-8CB6-AAA695356152} = {85409D91-932B-41CF-AF0B-0CC33540BEBC}
		{609B11AE-4A4F-4C50-891E-4153A7CDD6B8} = {7B00F527-BA3A-40B6-B840-505BAB8C88C3}
		{67686135-578C-4741-84CD-44A06F8FD383} = {609B11AE-4A4F-4C50-891E-4153A7CDD6B8}
		{23E05AC4-93A7-4A38-95A7-860611F965E3} = {7B00F527-BA3A-40B6-B840-505BAB8C88C3}
		{EDBDFD67-0E1A-4BFE-B616-5DD81046CA8D} = {A3317254-ACBE-4873-8770-688CF68F2A6F}
		{09FD0A0B-0960-440E-BDFA-20FBAF173267} = {23E05AC4-93A7-4A38-95A7-860611F965E3}
		{C3B0F88A-151A-4446-B204-743A16FDB4B8} = {23E05AC4-93A7-4A38-95A7-860611F965E3}
		{83AED3D1-301B-40B1-AB4A-744B9A08E254} = {23E05AC4-93A7-4A38-95A7-860611F965E3}
		{B650DB6B-2336-4447-92D3-37B3E96461BA} = {85409D91-932B-41CF-AF0B-0CC33540BEBC}
	EndGlobalSection
	GlobalSection(ExtensibilityGlobals) = postSolution
		SolutionGuid = {14BF80C8-6812-4D5A-AD2A-BE2155898C85}
	EndGlobalSection
EndGlobal
